PODS:
  - Capacitor (7.4.0):
    - CapacitorCordova
  - CapacitorCordova (7.4.0)
  - CapacitorGeolocation (7.1.2):
    - Capacitor
    - IONGeolocationLib (~> 1.0)
  - CapacitorPreferences (7.0.1):
    - Capacitor
  - IONGeolocationLib (1.0.0)

DEPENDENCIES:
  - "Capacitor (from `../../../node_modules/@capacitor/ios`)"
  - "CapacitorCordova (from `../../../node_modules/@capacitor/ios`)"
  - "CapacitorGeolocation (from `../../../node_modules/@capacitor/geolocation`)"
  - "CapacitorPreferences (from `../../../node_modules/@capacitor/preferences`)"

SPEC REPOS:
  trunk:
    - IONGeolocationLib

EXTERNAL SOURCES:
  Capacitor:
    :path: "../../../node_modules/@capacitor/ios"
  CapacitorCordova:
    :path: "../../../node_modules/@capacitor/ios"
  CapacitorGeolocation:
    :path: "../../../node_modules/@capacitor/geolocation"
  CapacitorPreferences:
    :path: "../../../node_modules/@capacitor/preferences"

SPEC CHECKSUMS:
  Capacitor: 10feab36396883c55373328124a677f118cd4b5f
  CapacitorCordova: 723e017d8a80ab2ede9959fbe37556c35ac860d5
  CapacitorGeolocation: b005744861676af9abd19a0682f0b1af32cc2c99
  CapacitorPreferences: 6c98117d4d7508034a4af9db64d6b26fc75d7b94
  IONGeolocationLib: 81f33f88d025846946de2cf63b0c7628e7c6bc9d

PODFILE CHECKSUM: 9a533af669c57eee09a1e16ce09291cb159752a5

COCOAPODS: 1.16.2
